
Microsoft Visual Studio Solution File, Format Version 12.00
# Visual Studio 14
VisualStudioVersion = 14.0.25123.0
MinimumVisualStudioVersion = 10.0.40219.1
Project("{FAE04EC0-301F-11D3-BF4B-00C04F79EFBC}") = "vdqServices", "vdqServices\vdqServices.csproj", "{ECE91F2F-51BC-46EA-989F-448A9590EE41}"
EndProject
Project("{FAE04EC0-301F-11D3-BF4B-00C04F79EFBC}") = "MQService.Lib", "MQService.Lib\MQService.Lib.csproj", "{811EFC27-B39D-4418-8D73-D618781AAE51}"
EndProject
Project("{FAE04EC0-301F-11D3-BF4B-00C04F79EFBC}") = "Common.Lib", "Common.Lib\Common.Lib.csproj", "{CAF0F459-B9F4-41BE-81CC-7DB4080EB62A}"
EndProject
Project("{FAE04EC0-301F-11D3-BF4B-00C04F79EFBC}") = "VideoCapture.Lib", "VideoCapture.Lib\VideoCapture.Lib.csproj", "{74A194BD-5DE9-41F4-A781-061803E44F73}"
EndProject
Project("{FAE04EC0-301F-11D3-BF4B-00C04F79EFBC}") = "VideoDiagnosis.Lib", "VideoDiagnosis.Lib\VideoDiagnosis.Lib.csproj", "{12F99069-28FB-41F7-9DCF-48763DD139EB}"
EndProject
Project("{FAE04EC0-301F-11D3-BF4B-00C04F79EFBC}") = "MQTest", "MQTest\MQTest.csproj", "{BCBE1212-0316-491B-B902-9263271F09D2}"
EndProject
Project("{FAE04EC0-301F-11D3-BF4B-00C04F79EFBC}") = "SocketServer.Lib", "SocketServer.Lib\SocketServer.Lib.csproj", "{9ABD3BB3-4FDC-4C8D-BD0D-D4038C0DDE47}"
EndProject
Global
	GlobalSection(SolutionConfigurationPlatforms) = preSolution
		Debug|Any CPU = Debug|Any CPU
		Release|Any CPU = Release|Any CPU
	EndGlobalSection
	GlobalSection(ProjectConfigurationPlatforms) = postSolution
		{ECE91F2F-51BC-46EA-989F-448A9590EE41}.Debug|Any CPU.ActiveCfg = Debug|Any CPU
		{ECE91F2F-51BC-46EA-989F-448A9590EE41}.Debug|Any CPU.Build.0 = Debug|Any CPU
		{ECE91F2F-51BC-46EA-989F-448A9590EE41}.Release|Any CPU.ActiveCfg = Release|Any CPU
		{ECE91F2F-51BC-46EA-989F-448A9590EE41}.Release|Any CPU.Build.0 = Release|Any CPU
		{811EFC27-B39D-4418-8D73-D618781AAE51}.Debug|Any CPU.ActiveCfg = Debug|Any CPU
		{811EFC27-B39D-4418-8D73-D618781AAE51}.Debug|Any CPU.Build.0 = Debug|Any CPU
		{811EFC27-B39D-4418-8D73-D618781AAE51}.Release|Any CPU.ActiveCfg = Release|Any CPU
		{811EFC27-B39D-4418-8D73-D618781AAE51}.Release|Any CPU.Build.0 = Release|Any CPU
		{CAF0F459-B9F4-41BE-81CC-7DB4080EB62A}.Debug|Any CPU.ActiveCfg = Debug|Any CPU
		{CAF0F459-B9F4-41BE-81CC-7DB4080EB62A}.Debug|Any CPU.Build.0 = Debug|Any CPU
		{CAF0F459-B9F4-41BE-81CC-7DB4080EB62A}.Release|Any CPU.ActiveCfg = Release|Any CPU
		{CAF0F459-B9F4-41BE-81CC-7DB4080EB62A}.Release|Any CPU.Build.0 = Release|Any CPU
		{74A194BD-5DE9-41F4-A781-061803E44F73}.Debug|Any CPU.ActiveCfg = Debug|Any CPU
		{74A194BD-5DE9-41F4-A781-061803E44F73}.Debug|Any CPU.Build.0 = Debug|Any CPU
		{74A194BD-5DE9-41F4-A781-061803E44F73}.Release|Any CPU.ActiveCfg = Release|Any CPU
		{74A194BD-5DE9-41F4-A781-061803E44F73}.Release|Any CPU.Build.0 = Release|Any CPU
		{12F99069-28FB-41F7-9DCF-48763DD139EB}.Debug|Any CPU.ActiveCfg = Debug|Any CPU
		{12F99069-28FB-41F7-9DCF-48763DD139EB}.Debug|Any CPU.Build.0 = Debug|Any CPU
		{12F99069-28FB-41F7-9DCF-48763DD139EB}.Release|Any CPU.ActiveCfg = Release|Any CPU
		{12F99069-28FB-41F7-9DCF-48763DD139EB}.Release|Any CPU.Build.0 = Release|Any CPU
		{BCBE1212-0316-491B-B902-9263271F09D2}.Debug|Any CPU.ActiveCfg = Debug|Any CPU
		{BCBE1212-0316-491B-B902-9263271F09D2}.Debug|Any CPU.Build.0 = Debug|Any CPU
		{BCBE1212-0316-491B-B902-9263271F09D2}.Release|Any CPU.ActiveCfg = Release|Any CPU
		{BCBE1212-0316-491B-B902-9263271F09D2}.Release|Any CPU.Build.0 = Release|Any CPU
		{9ABD3BB3-4FDC-4C8D-BD0D-D4038C0DDE47}.Debug|Any CPU.ActiveCfg = Debug|Any CPU
		{9ABD3BB3-4FDC-4C8D-BD0D-D4038C0DDE47}.Debug|Any CPU.Build.0 = Debug|Any CPU
		{9ABD3BB3-4FDC-4C8D-BD0D-D4038C0DDE47}.Release|Any CPU.ActiveCfg = Release|Any CPU
		{9ABD3BB3-4FDC-4C8D-BD0D-D4038C0DDE47}.Release|Any CPU.Build.0 = Release|Any CPU
	EndGlobalSection
	GlobalSection(SolutionProperties) = preSolution
		HideSolutionNode = FALSE
	EndGlobalSection
EndGlobal
